{
  "requires": true,
  "lockfileVersion": 1,
  "dependencies": {
    "@smartcar/auth": {
      "version": "2.0.0",
      "resolved": "https://registry.npmjs.org/@smartcar/auth/-/auth-2.0.0.tgz",
      "integrity": "sha512-9xtOy/qraTC+KzMn2634Zgg/Uc2DIvZdlSlqm2k9qKCClNNHTLTCJKDKfWtknjWh1Fwbsj1EZicTeqsIDRBbWA=="
    }
  }
}
